
Microsoft Visual Studio Solution File, Format Version 12.00
# Visual Studio Version 17
VisualStudioVersion = 17.3.32825.248
MinimumVisualStudioVersion = 10.0.40219.1
Project("{FAE04EC0-301F-11D3-BF4B-00C04F79EFBC}") = "DotnetExercise2", "DotnetExercise2.csproj", "{5BFEE514-4C3E-4F26-9DD6-49473C5D49DD}"
EndProject
Global
	GlobalSection(SolutionConfigurationPlatforms) = preSolution
		Debug|Any CPU = Debug|Any CPU
		Release|Any CPU = Release|Any CPU
	EndGlobalSection
	GlobalSection(ProjectConfigurationPlatforms) = postSolution
		{5BFEE514-4C3E-4F26-9DD6-49473C5D49DD}.Debug|Any CPU.ActiveCfg = Debug|Any CPU
		{5BFEE514-4C3E-4F26-9DD6-49473C5D49DD}.Debug|Any CPU.Build.0 = Debug|Any CPU
		{5BFEE514-4C3E-4F26-9DD6-49473C5D49DD}.Release|Any CPU.ActiveCfg = Release|Any CPU
		{5BFEE514-4C3E-4F26-9DD6-49473C5D49DD}.Release|Any CPU.Build.0 = Release|Any CPU
	EndGlobalSection
	GlobalSection(SolutionProperties) = preSolution
		HideSolutionNode = FALSE
	EndGlobalSection
	GlobalSection(ExtensibilityGlobals) = postSolution
		SolutionGuid = {53BFDC18-4670-4930-9C99-98CCFFE23BB2}
	EndGlobalSection
EndGlobal
